{
  "name": "stardust-library-js",
  "version": "1.0.0",
  "lockfileVersion": 1,
  "requires": true,
  "dependencies": {
    "json-ignore": {
      "version": "0.4.0",
      "resolved": "https://registry.npmjs.org/json-ignore/-/json-ignore-0.4.0.tgz",
      "integrity": "sha1-ZfDNCN8gHbAy/bsjYxYU8MW7L3o=",
      "requires": {
        "reflect-metadata": "^0.1.9"
      }
    },
    "reflect-metadata": {
      "version": "0.1.13",
      "resolved": "https://registry.npmjs.org/reflect-metadata/-/reflect-metadata-0.1.13.tgz",
      "integrity": "sha512-Ts1Y/anZELhSsjMcU605fU9RE4Oi3p5ORujwbIKXfWa+0Zxs510Qrmrce5/Jowq3cHSZSJqBjypxmHarc+vEWg=="
    },
    "typed-signals": {
      "version": "2.0.0",
      "resolved": "https://registry.npmjs.org/typed-signals/-/typed-signals-2.0.0.tgz",
      "integrity": "sha512-xuak+zn9utjfJ/Bcv7YfXrss2SiDUXqKEx2zgjLGGSEsez3/NrJCR5dh86us2cyHDzOAJuz5t1/8TDLLOoMpFA=="
    }
  }
}
